{
    "name": "src",
    "lockfileVersion": 3,
    "requires": true,
    "packages": {
        "": {
            "devDependencies": {
                "instruckt": "^0.4.30",
                "playwright": "^1.58.2"
            }
        },
        "node_modules/@types/react": {
            "version": "19.2.14",
            "resolved": "https://registry.npmjs.org/@types/react/-/react-19.2.14.tgz",
            "integrity": "sha512-ilcTH/UniCkMdtexkoCN0bI7pMcJDvmQFPvuPvmEaYA/NSfFTAgdUSLAoVjaRJm7+6PvcM+q1zYOwS4wTYMF9w==",
            "dev": true,
            "license": "MIT",
            "peer": true,
            "dependencies": {
                "csstype": "^3.2.2"
            }
        },
        "node_modules/@types/react-reconciler": {
            "version": "0.28.9",
            "resolved": "https://registry.npmjs.org/@types/react-reconciler/-/react-reconciler-0.28.9.tgz",
            "integrity": "sha512-HHM3nxyUZ3zAylX8ZEyrDNd2XZOnQ0D5XfunJF5FLQnZbHHYq4UWvW1QfelQNXv1ICNkwYhfxjwfnqivYB6bFg==",
            "dev": true,
            "license": "MIT",
            "peerDependencies": {
                "@types/react": "*"
            }
        },
        "node_modules/bippy": {
            "version": "0.5.32",
            "resolved": "https://registry.npmjs.org/bippy/-/bippy-0.5.32.tgz",
            "integrity": "sha512-yt1mC8eReTxjfg41YBZdN4PvsDwHFWxltoiQX0Q+Htlbf41aSniopb7ECZits01HwNAvXEh69RGk/ImlswDTEw==",
            "dev": true,
            "license": "MIT",
            "dependencies": {
                "@types/react-reconciler": "^0.28.9"
            },
            "peerDependencies": {
                "react": ">=17.0.1"
            }
        },
        "node_modules/csstype": {
            "version": "3.2.3",
            "resolved": "https://registry.npmjs.org/csstype/-/csstype-3.2.3.tgz",
            "integrity": "sha512-z1HGKcYy2xA8AGQfwrn0PAy+PB7X/GSj3UVJW9qKyn43xWa+gl5nXmU4qqLMRzWVLFC8KusUX8T/0kCiOYpAIQ==",
            "dev": true,
            "license": "MIT",
            "peer": true
        },
        "node_modules/element-source": {
            "version": "0.0.4",
            "resolved": "https://registry.npmjs.org/element-source/-/element-source-0.0.4.tgz",
            "integrity": "sha512-4feZB3FhezD6UBGj6h8OO8axyPaz8kcJrpJzGTCWyLeZ0ldHgiE2z6i7Th0d5V2IlHUFNoXR7Tb2dfbZIgih0A==",
            "dev": true,
            "dependencies": {
                "bippy": "^0.5.32"
            }
        },
        "node_modules/fsevents": {
            "version": "2.3.2",
            "resolved": "https://registry.npmjs.org/fsevents/-/fsevents-2.3.2.tgz",
            "integrity": "sha512-xiqMQR4xAeHTuB9uWm+fFRcIOgKBMiOBP+eXiyT7jsgVCq1bkVygt00oASowB7EdtpOHaaPgKt812P9ab+DDKA==",
            "dev": true,
            "hasInstallScript": true,
            "license": "MIT",
            "optional": true,
            "os": [
                "darwin"
            ],
            "engines": {
                "node": "^8.16.0 || ^10.6.0 || >=11.0.0"
            }
        },
        "node_modules/instruckt": {
            "version": "0.4.30",
            "resolved": "https://registry.npmjs.org/instruckt/-/instruckt-0.4.30.tgz",
            "integrity": "sha512-6pIp+B2xXChfFWvkVGWMahhictaWr3FmjEngVqm7QceNmLejMf4qcTC2uGqxxAsyIq8dk0JgDjy7kPfvrmUECg==",
            "dev": true,
            "license": "MIT",
            "dependencies": {
                "element-source": "^0.0.4",
                "modern-screenshot": "^4.6.8"
            },
            "peerDependencies": {
                "vite": "^6.0.0 || ^7.0.0 || ^8.0.0"
            },
            "peerDependenciesMeta": {
                "vite": {
                    "optional": true
                }
            }
        },
        "node_modules/modern-screenshot": {
            "version": "4.6.8",
            "resolved": "https://registry.npmjs.org/modern-screenshot/-/modern-screenshot-4.6.8.tgz",
            "integrity": "sha512-GJkv/yWPOJTlxj1LZDU2k474cDyOWL+LVaqTdDWQwQ5d8zIuTz1892+1cV9V0ZpK6HYZFo/+BNLBbierO9d2TA==",
            "dev": true,
            "license": "MIT"
        },
        "node_modules/playwright": {
            "version": "1.58.2",
            "resolved": "https://registry.npmjs.org/playwright/-/playwright-1.58.2.tgz",
            "integrity": "sha512-vA30H8Nvkq/cPBnNw4Q8TWz1EJyqgpuinBcHET0YVJVFldr8JDNiU9LaWAE1KqSkRYazuaBhTpB5ZzShOezQ6A==",
            "dev": true,
            "license": "Apache-2.0",
            "dependencies": {
                "playwright-core": "1.58.2"
            },
            "bin": {
                "playwright": "cli.js"
            },
            "engines": {
                "node": ">=18"
            },
            "optionalDependencies": {
                "fsevents": "2.3.2"
            }
        },
        "node_modules/playwright-core": {
            "version": "1.58.2",
            "resolved": "https://registry.npmjs.org/playwright-core/-/playwright-core-1.58.2.tgz",
            "integrity": "sha512-yZkEtftgwS8CsfYo7nm0KE8jsvm6i/PTgVtB8DL726wNf6H2IMsDuxCpJj59KDaxCtSnrWan2AeDqM7JBaultg==",
            "dev": true,
            "license": "Apache-2.0",
            "bin": {
                "playwright-core": "cli.js"
            },
            "engines": {
                "node": ">=18"
            }
        },
        "node_modules/react": {
            "version": "19.2.4",
            "resolved": "https://registry.npmjs.org/react/-/react-19.2.4.tgz",
            "integrity": "sha512-9nfp2hYpCwOjAN+8TZFGhtWEwgvWHXqESH8qT89AT/lWklpLON22Lc8pEtnpsZz7VmawabSU0gCjnj8aC0euHQ==",
            "dev": true,
            "license": "MIT",
            "peer": true,
            "engines": {
                "node": ">=0.10.0"
            }
        }
    }
}
